Microsoft Visual Studio Solution File, Format Version 12.00
# Visual Studio 2012
Project("{FAE04EC0-301F-11D3-BF4B-00C04F79EFBC}") = "Sprite Test", "Sprite Test.csproj", "{FE04EEDF-7F5D-4981-95DF-1EC13A7C5279}"
EndProject
Global
	GlobalSection(SolutionConfigurationPlatforms) = preSolution
	Debug|Any CPU = Debug|Any CPU
	ExportDebug|Any CPU = ExportDebug|Any CPU
	ExportRelease|Any CPU = ExportRelease|Any CPU
	EndGlobalSection
	GlobalSection(ProjectConfigurationPlatforms) = postSolution
		{FE04EEDF-7F5D-4981-95DF-1EC13A7C5279}.Debug|Any CPU.ActiveCfg = Debug|Any CPU
		{FE04EEDF-7F5D-4981-95DF-1EC13A7C5279}.Debug|Any CPU.Build.0 = Debug|Any CPU
		{FE04EEDF-7F5D-4981-95DF-1EC13A7C5279}.ExportDebug|Any CPU.ActiveCfg = ExportDebug|Any CPU
		{FE04EEDF-7F5D-4981-95DF-1EC13A7C5279}.ExportDebug|Any CPU.Build.0 = ExportDebug|Any CPU
		{FE04EEDF-7F5D-4981-95DF-1EC13A7C5279}.ExportRelease|Any CPU.ActiveCfg = ExportRelease|Any CPU
		{FE04EEDF-7F5D-4981-95DF-1EC13A7C5279}.ExportRelease|Any CPU.Build.0 = ExportRelease|Any CPU
	EndGlobalSection
EndGlobal
